
Microsoft Visual Studio Solution File, Format Version 12.00
# Visual Studio Version 17
VisualStudioVersion = 17.9.34728.123
MinimumVisualStudioVersion = 10.0.40219.1
Project("{9A19103F-16F7-4668-BE54-9A1E7A4F7556}") = "Console", "Utility\Console\Console.csproj", "{A39F9349-E8CF-47DC-A7CB-67E8C000460D}"
EndProject
Project("{2150E333-8FDC-42A3-9474-1A3956D46DE8}") = "Solution Items", "Solution Items", "{FB14807C-9678-47E2-8C17-35183813E6A3}"
	ProjectSection(SolutionItems) = preProject
		.editorconfig = .editorconfig
		.gitattributes = .gitattributes
		.gitignore = .gitignore
		build.bat = build.bat
		build.sh = build.sh
		clean.bat = clean.bat
		clean.sh = clean.sh
		CleanObject.ps1 = CleanObject.ps1
		CommonRules.ruleset = CommonRules.ruleset
		Directory.Build.props = Directory.Build.props
		README.md = README.md
		run.bat = run.bat
		run.sh = run.sh
		todo.md = todo.md
	EndProjectSection
EndProject
Project("{2150E333-8FDC-42A3-9474-1A3956D46DE8}") = "Library", "Library", "{1EEBE7DE-CF82-4D01-982F-55D3881A0387}"
	ProjectSection(SolutionItems) = preProject
		Library\Directory.Build.props = Library\Directory.Build.props
	EndProjectSection
EndProject
Project("{2150E333-8FDC-42A3-9474-1A3956D46DE8}") = "Utility", "Utility", "{CA1928E3-1A3E-48E8-9403-97FF78486188}"
	ProjectSection(SolutionItems) = preProject
		Utility\Directory.Build.props = Utility\Directory.Build.props
	EndProjectSection
EndProject
Project("{9A19103F-16F7-4668-BE54-9A1E7A4F7556}") = "VirtualRadar", "Library\VirtualRadar\VirtualRadar.csproj", "{3BAB6354-848C-4CDA-9FD2-073046BF14F5}"
EndProject
Project("{2150E333-8FDC-42A3-9474-1A3956D46DE8}") = "DevOps", "DevOps", "{2FD13022-488A-4107-B254-ECA9BC7B2101}"
	ProjectSection(SolutionItems) = preProject
		DevOps\README.md = DevOps\README.md
	EndProjectSection
EndProject
Project("{2150E333-8FDC-42A3-9474-1A3956D46DE8}") = "Tests", "Tests", "{8F14DB5F-3496-4354-8E05-A9054C0DD89B}"
	ProjectSection(SolutionItems) = preProject
		Tests\Directory.Build.props = Tests\Directory.Build.props
	EndProjectSection
EndProject
Project("{9A19103F-16F7-4668-BE54-9A1E7A4F7556}") = "Tests", "Tests\Tests\Tests.csproj", "{51A51F73-164D-41A5-8460-B7FAFEAF7310}"
EndProject
Project("{9A19103F-16F7-4668-BE54-9A1E7A4F7556}") = "Tests.VirtualRadar", "Tests\Tests.VirtualRadar\Tests.VirtualRadar.csproj", "{F903A8E5-C3F6-438B-B5D9-4359B8ACEC13}"
EndProject
Project("{9A19103F-16F7-4668-BE54-9A1E7A4F7556}") = "VirtualRadar.Feed.BaseStation", "Library\VirtualRadar.Feed.BaseStation\VirtualRadar.Feed.BaseStation.csproj", "{724980F6-5BB7-487A-9A29-BC7775DF4767}"
EndProject
Project("{9A19103F-16F7-4668-BE54-9A1E7A4F7556}") = "Terminal", "Utility\Terminal\Terminal.csproj", "{F6310BCF-A44E-4B4A-BCF4-C908A6246B30}"
EndProject
Project("{9A19103F-16F7-4668-BE54-9A1E7A4F7556}") = "WindowProcessor", "Utility\WindowProcessor\WindowProcessor.csproj", "{FE136C23-5C01-4691-B112-64982D7C8D73}"
EndProject
Project("{9A19103F-16F7-4668-BE54-9A1E7A4F7556}") = "VirtualRadar.Feed.Recording", "Library\VirtualRadar.Feed.Recording\VirtualRadar.Feed.Recording.csproj", "{0C0B5800-D4A3-4417-ADC2-2E9065A7315E}"
EndProject
Project("{2150E333-8FDC-42A3-9474-1A3956D46DE8}") = "Apps", "Apps", "{C25A04E7-848B-407A-A654-4547D2788E44}"
	ProjectSection(SolutionItems) = preProject
		Apps\Directory.Build.props = Apps\Directory.Build.props
	EndProjectSection
EndProject
Project("{9A19103F-16F7-4668-BE54-9A1E7A4F7556}") = "VirtualRadar", "Apps\VirtualRadar\VirtualRadar.csproj", "{11D97EAC-DF16-415B-B89E-AC7FF236125B}"
EndProject
Project("{9A19103F-16F7-4668-BE54-9A1E7A4F7556}") = "VirtualRadar.Desktop", "Apps\VirtualRadar.Desktop\VirtualRadar.Desktop.csproj", "{8F528ED6-C7C9-4550-AB72-2EFD55543AC6}"
EndProject
Project("{9A19103F-16F7-4668-BE54-9A1E7A4F7556}") = "VirtualRadar.Browser", "Apps\VirtualRadar.Browser\VirtualRadar.Browser.csproj", "{5AC6B354-F639-4671-8FBE-BC49AD84948D}"
EndProject
Global
	GlobalSection(SolutionConfigurationPlatforms) = preSolution
		Debug|Any CPU = Debug|Any CPU
		Release|Any CPU = Release|Any CPU
	EndGlobalSection
	GlobalSection(ProjectConfigurationPlatforms) = postSolution
		{A39F9349-E8CF-47DC-A7CB-67E8C000460D}.Debug|Any CPU.ActiveCfg = Debug|Any CPU
		{A39F9349-E8CF-47DC-A7CB-67E8C000460D}.Debug|Any CPU.Build.0 = Debug|Any CPU
		{A39F9349-E8CF-47DC-A7CB-67E8C000460D}.Release|Any CPU.ActiveCfg = Release|Any CPU
		{A39F9349-E8CF-47DC-A7CB-67E8C000460D}.Release|Any CPU.Build.0 = Release|Any CPU
		{3BAB6354-848C-4CDA-9FD2-073046BF14F5}.Debug|Any CPU.ActiveCfg = Debug|Any CPU
		{3BAB6354-848C-4CDA-9FD2-073046BF14F5}.Debug|Any CPU.Build.0 = Debug|Any CPU
		{3BAB6354-848C-4CDA-9FD2-073046BF14F5}.Release|Any CPU.ActiveCfg = Release|Any CPU
		{3BAB6354-848C-4CDA-9FD2-073046BF14F5}.Release|Any CPU.Build.0 = Release|Any CPU
		{51A51F73-164D-41A5-8460-B7FAFEAF7310}.Debug|Any CPU.ActiveCfg = Debug|Any CPU
		{51A51F73-164D-41A5-8460-B7FAFEAF7310}.Debug|Any CPU.Build.0 = Debug|Any CPU
		{51A51F73-164D-41A5-8460-B7FAFEAF7310}.Release|Any CPU.ActiveCfg = Release|Any CPU
		{51A51F73-164D-41A5-8460-B7FAFEAF7310}.Release|Any CPU.Build.0 = Release|Any CPU
		{F903A8E5-C3F6-438B-B5D9-4359B8ACEC13}.Debug|Any CPU.ActiveCfg = Debug|Any CPU
		{F903A8E5-C3F6-438B-B5D9-4359B8ACEC13}.Debug|Any CPU.Build.0 = Debug|Any CPU
		{F903A8E5-C3F6-438B-B5D9-4359B8ACEC13}.Release|Any CPU.ActiveCfg = Release|Any CPU
		{F903A8E5-C3F6-438B-B5D9-4359B8ACEC13}.Release|Any CPU.Build.0 = Release|Any CPU
		{724980F6-5BB7-487A-9A29-BC7775DF4767}.Debug|Any CPU.ActiveCfg = Debug|Any CPU
		{724980F6-5BB7-487A-9A29-BC7775DF4767}.Debug|Any CPU.Build.0 = Debug|Any CPU
		{724980F6-5BB7-487A-9A29-BC7775DF4767}.Release|Any CPU.ActiveCfg = Release|Any CPU
		{724980F6-5BB7-487A-9A29-BC7775DF4767}.Release|Any CPU.Build.0 = Release|Any CPU
		{F6310BCF-A44E-4B4A-BCF4-C908A6246B30}.Debug|Any CPU.ActiveCfg = Debug|Any CPU
		{F6310BCF-A44E-4B4A-BCF4-C908A6246B30}.Debug|Any CPU.Build.0 = Debug|Any CPU
		{F6310BCF-A44E-4B4A-BCF4-C908A6246B30}.Release|Any CPU.ActiveCfg = Release|Any CPU
		{F6310BCF-A44E-4B4A-BCF4-C908A6246B30}.Release|Any CPU.Build.0 = Release|Any CPU
		{FE136C23-5C01-4691-B112-64982D7C8D73}.Debug|Any CPU.ActiveCfg = Debug|Any CPU
		{FE136C23-5C01-4691-B112-64982D7C8D73}.Debug|Any CPU.Build.0 = Debug|Any CPU
		{FE136C23-5C01-4691-B112-64982D7C8D73}.Release|Any CPU.ActiveCfg = Release|Any CPU
		{FE136C23-5C01-4691-B112-64982D7C8D73}.Release|Any CPU.Build.0 = Release|Any CPU
		{0C0B5800-D4A3-4417-ADC2-2E9065A7315E}.Debug|Any CPU.ActiveCfg = Debug|Any CPU
		{0C0B5800-D4A3-4417-ADC2-2E9065A7315E}.Debug|Any CPU.Build.0 = Debug|Any CPU
		{0C0B5800-D4A3-4417-ADC2-2E9065A7315E}.Release|Any CPU.ActiveCfg = Release|Any CPU
		{0C0B5800-D4A3-4417-ADC2-2E9065A7315E}.Release|Any CPU.Build.0 = Release|Any CPU
		{11D97EAC-DF16-415B-B89E-AC7FF236125B}.Debug|Any CPU.ActiveCfg = Debug|Any CPU
		{11D97EAC-DF16-415B-B89E-AC7FF236125B}.Debug|Any CPU.Build.0 = Debug|Any CPU
		{11D97EAC-DF16-415B-B89E-AC7FF236125B}.Release|Any CPU.ActiveCfg = Release|Any CPU
		{11D97EAC-DF16-415B-B89E-AC7FF236125B}.Release|Any CPU.Build.0 = Release|Any CPU
		{8F528ED6-C7C9-4550-AB72-2EFD55543AC6}.Debug|Any CPU.ActiveCfg = Debug|Any CPU
		{8F528ED6-C7C9-4550-AB72-2EFD55543AC6}.Debug|Any CPU.Build.0 = Debug|Any CPU
		{8F528ED6-C7C9-4550-AB72-2EFD55543AC6}.Release|Any CPU.ActiveCfg = Release|Any CPU
		{8F528ED6-C7C9-4550-AB72-2EFD55543AC6}.Release|Any CPU.Build.0 = Release|Any CPU
		{5AC6B354-F639-4671-8FBE-BC49AD84948D}.Debug|Any CPU.ActiveCfg = Debug|Any CPU
		{5AC6B354-F639-4671-8FBE-BC49AD84948D}.Debug|Any CPU.Build.0 = Debug|Any CPU
		{5AC6B354-F639-4671-8FBE-BC49AD84948D}.Release|Any CPU.ActiveCfg = Release|Any CPU
		{5AC6B354-F639-4671-8FBE-BC49AD84948D}.Release|Any CPU.Build.0 = Release|Any CPU
	EndGlobalSection
	GlobalSection(SolutionProperties) = preSolution
		HideSolutionNode = FALSE
	EndGlobalSection
	GlobalSection(NestedProjects) = preSolution
		{A39F9349-E8CF-47DC-A7CB-67E8C000460D} = {CA1928E3-1A3E-48E8-9403-97FF78486188}
		{3BAB6354-848C-4CDA-9FD2-073046BF14F5} = {1EEBE7DE-CF82-4D01-982F-55D3881A0387}
		{51A51F73-164D-41A5-8460-B7FAFEAF7310} = {8F14DB5F-3496-4354-8E05-A9054C0DD89B}
		{F903A8E5-C3F6-438B-B5D9-4359B8ACEC13} = {8F14DB5F-3496-4354-8E05-A9054C0DD89B}
		{724980F6-5BB7-487A-9A29-BC7775DF4767} = {1EEBE7DE-CF82-4D01-982F-55D3881A0387}
		{F6310BCF-A44E-4B4A-BCF4-C908A6246B30} = {CA1928E3-1A3E-48E8-9403-97FF78486188}
		{FE136C23-5C01-4691-B112-64982D7C8D73} = {CA1928E3-1A3E-48E8-9403-97FF78486188}
		{0C0B5800-D4A3-4417-ADC2-2E9065A7315E} = {1EEBE7DE-CF82-4D01-982F-55D3881A0387}
		{11D97EAC-DF16-415B-B89E-AC7FF236125B} = {C25A04E7-848B-407A-A654-4547D2788E44}
		{8F528ED6-C7C9-4550-AB72-2EFD55543AC6} = {C25A04E7-848B-407A-A654-4547D2788E44}
		{5AC6B354-F639-4671-8FBE-BC49AD84948D} = {C25A04E7-848B-407A-A654-4547D2788E44}
	EndGlobalSection
	GlobalSection(ExtensibilityGlobals) = postSolution
		SolutionGuid = {D195B5EE-B00F-47BE-9FA3-F8175F6563DD}
	EndGlobalSection
EndGlobal
